// !$*UTF8*$!
{
	archiveVersion = 1;
	classes = {
	};
	objectVersion = 51;
	objects = {

/* Begin PBXBuildFile section */
		C4D9DFB4253F93F48A3853AB /* Pods_Project.framework in Frameworks */ = {isa = PBXBuildFile; fileRef = 96AC30DFC820042C0978FC9E /* Pods_Project.framework */; };
		C75F5D2483AF89A11ED519CB /* Pods_Project_ProjectUITests.framework in Frameworks */ = {isa = PBXBuildFile; fileRef = D897E91DF7EDB35AC1ACEF77 /* Pods_Project_ProjectUITests.framework */; };
		C7D0C3A3ABD463D1F56DFD36 /* Pods_ProjectTests.framework in Frameworks */ = {isa = PBXBuildFile; fileRef = 4609CD404CFD10BBE3B394CF /* Pods_ProjectTests.framework */; };
		FA0DC9F7252658C400377539 /* UserService.swift in Sources */ = {isa = PBXBuildFile; fileRef = FA0DC9F6252658C400377539 /* UserService.swift */; };
		FA0DC9FC25265FED00377539 /* User.swift in Sources */ = {isa = PBXBuildFile; fileRef = FA0DC9FB25265FED00377539 /* User.swift */; };
		FA2495C02523218C0060BECD /* Extension.swift in Sources */ = {isa = PBXBuildFile; fileRef = FA2495BF2523218C0060BECD /* Extension.swift */; };
		FA66C5DC2523827400C31151 /* LoginController.swift in Sources */ = {isa = PBXBuildFile; fileRef = FA66C5DB2523827400C31151 /* LoginController.swift */; };
		FA66C5E12523829C00C31151 /* RegistrationController.swift in Sources */ = {isa = PBXBuildFile; fileRef = FA66C5E02523829C00C31151 /* RegistrationController.swift */; };
		FA66C5F6252393B400C31151 /* Utilities.swift in Sources */ = {isa = PBXBuildFile; fileRef = FA66C5F5252393B400C31151 /* Utilities.swift */; };
		FA66C6072523AE2100C31151 /* GoogleService-Info.plist in Resources */ = {isa = PBXBuildFile; fileRef = FA66C6062523AE2100C31151 /* GoogleService-Info.plist */; };
		FAA362672524D84A00580FE2 /* Constants.swift in Sources */ = {isa = PBXBuildFile; fileRef = FAA362662524D84A00580FE2 /* Constants.swift */; };
		FAA3626C2524EE0500580FE2 /* AuthService.swift in Sources */ = {isa = PBXBuildFile; fileRef = FAA3626B2524EE0500580FE2 /* AuthService.swift */; };
		FAF417F92528C96E00FDDC97 /* BaseViewController.swift in Sources */ = {isa = PBXBuildFile; fileRef = FAF417F82528C96E00FDDC97 /* BaseViewController.swift */; };
		FAF417FF2528CA0600FDDC97 /* ViewControllerExtension.swift in Sources */ = {isa = PBXBuildFile; fileRef = FAF417FE2528CA0600FDDC97 /* ViewControllerExtension.swift */; };
		FAFD58A525208D9C006E4F94 /* AppDelegate.swift in Sources */ = {isa = PBXBuildFile; fileRef = FAFD58A425208D9C006E4F94 /* AppDelegate.swift */; };
		FAFD58A725208D9C006E4F94 /* SceneDelegate.swift in Sources */ = {isa = PBXBuildFile; fileRef = FAFD58A625208D9C006E4F94 /* SceneDelegate.swift */; };
		FAFD58AE25208D9C006E4F94 /* Assets.xcassets in Resources */ = {isa = PBXBuildFile; fileRef = FAFD58AD25208D9C006E4F94 /* Assets.xcassets */; };
		FAFD58B125208D9C006E4F94 /* LaunchScreen.storyboard in Resources */ = {isa = PBXBuildFile; fileRef = FAFD58AF25208D9C006E4F94 /* LaunchScreen.storyboard */; };
		FAFD58BC25208D9C006E4F94 /* ProjectTests.swift in Sources */ = {isa = PBXBuildFile; fileRef = FAFD58BB25208D9C006E4F94 /* ProjectTests.swift */; };
		FAFD58C725208D9D006E4F94 /* ProjectUITests.swift in Sources */ = {isa = PBXBuildFile; fileRef = FAFD58C625208D9D006E4F94 /* ProjectUITests.swift */; };
		FAFD58E325208F9C006E4F94 /* MainTabBarController.swift in Sources */ = {isa = PBXBuildFile; fileRef = FAFD58E225208F9C006E4F94 /* MainTabBarController.swift */; };
		FAFD58E825209321006E4F94 /* FeedsViewController.swift in Sources */ = {isa = PBXBuildFile; fileRef = FAFD58E725209321006E4F94 /* FeedsViewController.swift */; };
		FAFD58ED25209338006E4F94 /* ExploreViewController.swift in Sources */ = {isa = PBXBuildFile; fileRef = FAFD58EC25209338006E4F94 /* ExploreViewController.swift */; };
		FAFD58F225209346006E4F94 /* NotificationsViewController.swift in Sources */ = {isa = PBXBuildFile; fileRef = FAFD58F125209346006E4F94 /* NotificationsViewController.swift */; };
		FAFD58F72520935C006E4F94 /* ConversationsViewController.swift in Sources */ = {isa = PBXBuildFile; fileRef = FAFD58F62520935C006E4F94 /* ConversationsViewController.swift */; };
/* End PBXBuildFile section */

/* Begin PBXContainerItemProxy section */
		FAFD58B825208D9C006E4F94 /* PBXContainerItemProxy */ = {
			isa = PBXContainerItemProxy;
			containerPortal = FAFD589925208D9B006E4F94 /* Project object */;
			proxyType = 1;
			remoteGlobalIDString = FAFD58A025208D9B006E4F94;
			remoteInfo = Project;
		};
		FAFD58C325208D9D006E4F94 /* PBXContainerItemProxy */ = {
			isa = PBXContainerItemProxy;
			containerPortal = FAFD589925208D9B006E4F94 /* Project object */;
			proxyType = 1;
			remoteGlobalIDString = FAFD58A025208D9B006E4F94;
			remoteInfo = Project;
		};
/* End PBXContainerItemProxy section */

/* Begin PBXFileReference section */
		22708268814D7642E590F26D /* Pods-Project.debug.xcconfig */ = {isa = PBXFileReference; includeInIndex = 1; lastKnownFileType = text.xcconfig; name = "Pods-Project.debug.xcconfig"; path = "Target Support Files/Pods-Project/Pods-Project.debug.xcconfig"; sourceTree = "<group>"; };
		4609CD404CFD10BBE3B394CF /* Pods_ProjectTests.framework */ = {isa = PBXFileReference; explicitFileType = wrapper.framework; includeInIndex = 0; path = Pods_ProjectTests.framework; sourceTree = BUILT_PRODUCTS_DIR; };
		4A665F7EE67AC311EEFFA0AB /* Pods-Project-ProjectUITests.debug.xcconfig */ = {isa = PBXFileReference; includeInIndex = 1; lastKnownFileType = text.xcconfig; name = "Pods-Project-ProjectUITests.debug.xcconfig"; path = "Target Support Files/Pods-Project-ProjectUITests/Pods-Project-ProjectUITests.debug.xcconfig"; sourceTree = "<group>"; };
		6736330ED8F03D3579352F26 /* Pods-ProjectTests.debug.xcconfig */ = {isa = PBXFileReference; includeInIndex = 1; lastKnownFileType = text.xcconfig; name = "Pods-ProjectTests.debug.xcconfig"; path = "Target Support Files/Pods-ProjectTests/Pods-ProjectTests.debug.xcconfig"; sourceTree = "<group>"; };
		6AE6325A00A2FBCBA534BB92 /* Pods-Project.release.xcconfig */ = {isa = PBXFileReference; includeInIndex = 1; lastKnownFileType = text.xcconfig; name = "Pods-Project.release.xcconfig"; path = "Target Support Files/Pods-Project/Pods-Project.release.xcconfig"; sourceTree = "<group>"; };
		7DA1743D1DE8ECF7CAC87E60 /* Pods-ProjectTests.release.xcconfig */ = {isa = PBXFileReference; includeInIndex = 1; lastKnownFileType = text.xcconfig; name = "Pods-ProjectTests.release.xcconfig"; path = "Target Support Files/Pods-ProjectTests/Pods-ProjectTests.release.xcconfig"; sourceTree = "<group>"; };
		96AC30DFC820042C0978FC9E /* Pods_Project.framework */ = {isa = PBXFileReference; explicitFileType = wrapper.framework; includeInIndex = 0; path = Pods_Project.framework; sourceTree = BUILT_PRODUCTS_DIR; };
		A8D4BBDFE92E37D8848B22A0 /* Pods-Project-ProjectUITests.release.xcconfig */ = {isa = PBXFileReference; includeInIndex = 1; lastKnownFileType = text.xcconfig; name = "Pods-Project-ProjectUITests.release.xcconfig"; path = "Target Support Files/Pods-Project-ProjectUITests/Pods-Project-ProjectUITests.release.xcconfig"; sourceTree = "<group>"; };
		D897E91DF7EDB35AC1ACEF77 /* Pods_Project_ProjectUITests.framework */ = {isa = PBXFileReference; explicitFileType = wrapper.framework; includeInIndex = 0; path = Pods_Project_ProjectUITests.framework; sourceTree = BUILT_PRODUCTS_DIR; };
		FA0DC9F6252658C400377539 /* UserService.swift */ = {isa = PBXFileReference; lastKnownFileType = sourcecode.swift; path = UserService.swift; sourceTree = "<group>"; };
		FA0DC9FB25265FED00377539 /* User.swift */ = {isa = PBXFileReference; lastKnownFileType = sourcecode.swift; path = User.swift; sourceTree = "<group>"; };
		FA2495BF2523218C0060BECD /* Extension.swift */ = {isa = PBXFileReference; lastKnownFileType = sourcecode.swift; path = Extension.swift; sourceTree = "<group>"; };
		FA66C5DB2523827400C31151 /* LoginController.swift */ = {isa = PBXFileReference; lastKnownFileType = sourcecode.swift; path = LoginController.swift; sourceTree = "<group>"; };
		FA66C5E02523829C00C31151 /* RegistrationController.swift */ = {isa = PBXFileReference; lastKnownFileType = sourcecode.swift; path = RegistrationController.swift; sourceTree = "<group>"; };
		FA66C5F5252393B400C31151 /* Utilities.swift */ = {isa = PBXFileReference; lastKnownFileType = sourcecode.swift; path = Utilities.swift; sourceTree = "<group>"; };
		FA66C6062523AE2100C31151 /* GoogleService-Info.plist */ = {isa = PBXFileReference; fileEncoding = 4; lastKnownFileType = text.plist.xml; path = "GoogleService-Info.plist"; sourceTree = "<group>"; };
		FAA362662524D84A00580FE2 /* Constants.swift */ = {isa = PBXFileReference; lastKnownFileType = sourcecode.swift; path = Constants.swift; sourceTree = "<group>"; };
		FAA3626B2524EE0500580FE2 /* AuthService.swift */ = {isa = PBXFileReference; lastKnownFileType = sourcecode.swift; path = AuthService.swift; sourceTree = "<group>"; };
		FAF417F82528C96E00FDDC97 /* BaseViewController.swift */ = {isa = PBXFileReference; lastKnownFileType = sourcecode.swift; path = BaseViewController.swift; sourceTree = "<group>"; };
		FAF417FE2528CA0600FDDC97 /* ViewControllerExtension.swift */ = {isa = PBXFileReference; lastKnownFileType = sourcecode.swift; path = ViewControllerExtension.swift; sourceTree = "<group>"; };
		FAFD58A125208D9B006E4F94 /* Project.app */ = {isa = PBXFileReference; explicitFileType = wrapper.application; includeInIndex = 0; path = Project.app; sourceTree = BUILT_PRODUCTS_DIR; };
		FAFD58A425208D9C006E4F94 /* AppDelegate.swift */ = {isa = PBXFileReference; lastKnownFileType = sourcecode.swift; path = AppDelegate.swift; sourceTree = "<group>"; };
		FAFD58A625208D9C006E4F94 /* SceneDelegate.swift */ = {isa = PBXFileReference; lastKnownFileType = sourcecode.swift; path = SceneDelegate.swift; sourceTree = "<group>"; };
		FAFD58AD25208D9C006E4F94 /* Assets.xcassets */ = {isa = PBXFileReference; lastKnownFileType = folder.assetcatalog; path = Assets.xcassets; sourceTree = "<group>"; };
		FAFD58B025208D9C006E4F94 /* Base */ = {isa = PBXFileReference; lastKnownFileType = file.storyboard; name = Base; path = Base.lproj/LaunchScreen.storyboard; sourceTree = "<group>"; };
		FAFD58B225208D9C006E4F94 /* Info.plist */ = {isa = PBXFileReference; lastKnownFileType = text.plist.xml; path = Info.plist; sourceTree = "<group>"; };
		FAFD58B725208D9C006E4F94 /* ProjectTests.xctest */ = {isa = PBXFileReference; explicitFileType = wrapper.cfbundle; includeInIndex = 0; path = ProjectTests.xctest; sourceTree = BUILT_PRODUCTS_DIR; };
		FAFD58BB25208D9C006E4F94 /* ProjectTests.swift */ = {isa = PBXFileReference; lastKnownFileType = sourcecode.swift; path = ProjectTests.swift; sourceTree = "<group>"; };
		FAFD58BD25208D9C006E4F94 /* Info.plist */ = {isa = PBXFileReference; lastKnownFileType = text.plist.xml; path = Info.plist; sourceTree = "<group>"; };
		FAFD58C225208D9D006E4F94 /* ProjectUITests.xctest */ = {isa = PBXFileReference; explicitFileType = wrapper.cfbundle; includeInIndex = 0; path = ProjectUITests.xctest; sourceTree = BUILT_PRODUCTS_DIR; };
		FAFD58C625208D9D006E4F94 /* ProjectUITests.swift */ = {isa = PBXFileReference; lastKnownFileType = sourcecode.swift; path = ProjectUITests.swift; sourceTree = "<group>"; };
		FAFD58C825208D9D006E4F94 /* Info.plist */ = {isa = PBXFileReference; lastKnownFileType = text.plist.xml; path = Info.plist; sourceTree = "<group>"; };
		FAFD58E225208F9C006E4F94 /* MainTabBarController.swift */ = {isa = PBXFileReference; lastKnownFileType = sourcecode.swift; path = MainTabBarController.swift; sourceTree = "<group>"; };
		FAFD58E725209321006E4F94 /* FeedsViewController.swift */ = {isa = PBXFileReference; lastKnownFileType = sourcecode.swift; path = FeedsViewController.swift; sourceTree = "<group>"; };
		FAFD58EC25209338006E4F94 /* ExploreViewController.swift */ = {isa = PBXFileReference; lastKnownFileType = sourcecode.swift; path = ExploreViewController.swift; sourceTree = "<group>"; };
		FAFD58F125209346006E4F94 /* NotificationsViewController.swift */ = {isa = PBXFileReference; lastKnownFileType = sourcecode.swift; path = NotificationsViewController.swift; sourceTree = "<group>"; };
		FAFD58F62520935C006E4F94 /* ConversationsViewController.swift */ = {isa = PBXFileReference; lastKnownFileType = sourcecode.swift; path = ConversationsViewController.swift; sourceTree = "<group>"; };
/* End PBXFileReference section */

/* Begin PBXFrameworksBuildPhase section */
		FAFD589E25208D9B006E4F94 /* Frameworks */ = {
			isa = PBXFrameworksBuildPhase;
			buildActionMask = 2147483647;
			files = (
				C4D9DFB4253F93F48A3853AB /* Pods_Project.framework in Frameworks */,
			);
			runOnlyForDeploymentPostprocessing = 0;
		};
		FAFD58B425208D9C006E4F94 /* Frameworks */ = {
			isa = PBXFrameworksBuildPhase;
			buildActionMask = 2147483647;
			files = (
				C7D0C3A3ABD463D1F56DFD36 /* Pods_ProjectTests.framework in Frameworks */,
			);
			runOnlyForDeploymentPostprocessing = 0;
		};
		FAFD58BF25208D9D006E4F94 /* Frameworks */ = {
			isa = PBXFrameworksBuildPhase;
			buildActionMask = 2147483647;
			files = (
				C75F5D2483AF89A11ED519CB /* Pods_Project_ProjectUITests.framework in Frameworks */,
			);
			runOnlyForDeploymentPostprocessing = 0;
		};
/* End PBXFrameworksBuildPhase section */

/* Begin PBXGroup section */
		4083350EFAECD67AB00B0E3D /* Pods */ = {
			isa = PBXGroup;
			children = (
				22708268814D7642E590F26D /* Pods-Project.debug.xcconfig */,
				6AE6325A00A2FBCBA534BB92 /* Pods-Project.release.xcconfig */,
				4A665F7EE67AC311EEFFA0AB /* Pods-Project-ProjectUITests.debug.xcconfig */,
				A8D4BBDFE92E37D8848B22A0 /* Pods-Project-ProjectUITests.release.xcconfig */,
				6736330ED8F03D3579352F26 /* Pods-ProjectTests.debug.xcconfig */,
				7DA1743D1DE8ECF7CAC87E60 /* Pods-ProjectTests.release.xcconfig */,
			);
			path = Pods;
			sourceTree = "<group>";
		};
		CC2149352B0F2C2EFCA2C593 /* Frameworks */ = {
			isa = PBXGroup;
			children = (
				96AC30DFC820042C0978FC9E /* Pods_Project.framework */,
				D897E91DF7EDB35AC1ACEF77 /* Pods_Project_ProjectUITests.framework */,
				4609CD404CFD10BBE3B394CF /* Pods_ProjectTests.framework */,
			);
			name = Frameworks;
			sourceTree = "<group>";
		};
		FA66C5DA2523822C00C31151 /* Authentication */ = {
			isa = PBXGroup;
			children = (
				FA66C5DB2523827400C31151 /* LoginController.swift */,
				FA66C5E02523829C00C31151 /* RegistrationController.swift */,
			);
			path = Authentication;
			sourceTree = "<group>";
		};
		FAF417F72528C95D00FDDC97 /* Base */ = {
			isa = PBXGroup;
			children = (
				FAF417F82528C96E00FDDC97 /* BaseViewController.swift */,
			);
			path = Base;
			sourceTree = "<group>";
		};
		FAF417FD2528C9D700FDDC97 /* Extension */ = {
			isa = PBXGroup;
			children = (
				FA2495BF2523218C0060BECD /* Extension.swift */,
				FAF417FE2528CA0600FDDC97 /* ViewControllerExtension.swift */,
			);
			path = Extension;
			sourceTree = "<group>";
		};
		FAFD589825208D9B006E4F94 = {
			isa = PBXGroup;
			children = (
				FAFD58A325208D9B006E4F94 /* Project */,
				FAFD58BA25208D9C006E4F94 /* ProjectTests */,
				FAFD58C525208D9D006E4F94 /* ProjectUITests */,
				FAFD58A225208D9B006E4F94 /* Products */,
				4083350EFAECD67AB00B0E3D /* Pods */,
				CC2149352B0F2C2EFCA2C593 /* Frameworks */,
			);
			sourceTree = "<group>";
		};
		FAFD58A225208D9B006E4F94 /* Products */ = {
			isa = PBXGroup;
			children = (
				FAFD58A125208D9B006E4F94 /* Project.app */,
				FAFD58B725208D9C006E4F94 /* ProjectTests.xctest */,
				FAFD58C225208D9D006E4F94 /* ProjectUITests.xctest */,
			);
			name = Products;
			sourceTree = "<group>";
		};
		FAFD58A325208D9B006E4F94 /* Project */ = {
			isa = PBXGroup;
			children = (
				FAFD58D725208E72006E4F94 /* Models */,
				FAFD58DD25208ED8006E4F94 /* Views */,
				FAFD58DC25208ED6006E4F94 /* ViewModels */,
				FAFD58DB25208ED4006E4F94 /* Controller */,
				FAFD58D825208EC7006E4F94 /* Api */,
				FAFD58DE25208EFB006E4F94 /* Utilities */,
				FAFD58A425208D9C006E4F94 /* AppDelegate.swift */,
				FAFD58A625208D9C006E4F94 /* SceneDelegate.swift */,
				FAFD58AD25208D9C006E4F94 /* Assets.xcassets */,
				FAFD58AF25208D9C006E4F94 /* LaunchScreen.storyboard */,
				FAFD58B225208D9C006E4F94 /* Info.plist */,
				FA66C6062523AE2100C31151 /* GoogleService-Info.plist */,
			);
			path = Project;
			sourceTree = "<group>";
		};
		FAFD58BA25208D9C006E4F94 /* ProjectTests */ = {
			isa = PBXGroup;
			children = (
				FAFD58BB25208D9C006E4F94 /* ProjectTests.swift */,
				FAFD58BD25208D9C006E4F94 /* Info.plist */,
			);
			path = ProjectTests;
			sourceTree = "<group>";
		};
		FAFD58C525208D9D006E4F94 /* ProjectUITests */ = {
			isa = PBXGroup;
			children = (
				FAFD58C625208D9D006E4F94 /* ProjectUITests.swift */,
				FAFD58C825208D9D006E4F94 /* Info.plist */,
			);
			path = ProjectUITests;
			sourceTree = "<group>";
		};
		FAFD58D725208E72006E4F94 /* Models */ = {
			isa = PBXGroup;
			children = (
				FA0DC9FB25265FED00377539 /* User.swift */,
			);
			path = Models;
			sourceTree = "<group>";
		};
		FAFD58D825208EC7006E4F94 /* Api */ = {
			isa = PBXGroup;
			children = (
				FAA3626B2524EE0500580FE2 /* AuthService.swift */,
				FA0DC9F6252658C400377539 /* UserService.swift */,
			);
			path = Api;
			sourceTree = "<group>";
		};
		FAFD58DB25208ED4006E4F94 /* Controller */ = {
			isa = PBXGroup;
			children = (
				FAF417F72528C95D00FDDC97 /* Base */,
				FAFD58E225208F9C006E4F94 /* MainTabBarController.swift */,
				FA66C5DA2523822C00C31151 /* Authentication */,
				FAFD591125209480006E4F94 /* Feeds */,
				FAFD59122520948A006E4F94 /* Explore */,
				FAFD591325209493006E4F94 /* Notifications */,
				FAFD59142520949C006E4F94 /* Conversations */,
			);
			path = Controller;
			sourceTree = "<group>";
		};
		FAFD58DC25208ED6006E4F94 /* ViewModels */ = {
			isa = PBXGroup;
			children = (
			);
			path = ViewModels;
			sourceTree = "<group>";
		};
		FAFD58DD25208ED8006E4F94 /* Views */ = {
			isa = PBXGroup;
			children = (
			);
			path = Views;
			sourceTree = "<group>";
		};
		FAFD58DE25208EFB006E4F94 /* Utilities */ = {
			isa = PBXGroup;
			children = (
				FAF417FD2528C9D700FDDC97 /* Extension */,
				FA66C5F5252393B400C31151 /* Utilities.swift */,
				FAA362662524D84A00580FE2 /* Constants.swift */,
			);
			path = Utilities;
			sourceTree = "<group>";
		};
		FAFD591125209480006E4F94 /* Feeds */ = {
			isa = PBXGroup;
			children = (
				FAFD58E725209321006E4F94 /* FeedsViewController.swift */,
			);
			path = Feeds;
			sourceTree = "<group>";
		};
		FAFD59122520948A006E4F94 /* Explore */ = {
			isa = PBXGroup;
			children = (
				FAFD58EC25209338006E4F94 /* ExploreViewController.swift */,
			);
			path = Explore;
			sourceTree = "<group>";
		};
		FAFD591325209493006E4F94 /* Notifications */ = {
			isa = PBXGroup;
			children = (
				FAFD58F125209346006E4F94 /* NotificationsViewController.swift */,
			);
			path = Notifications;
			sourceTree = "<group>";
		};
		FAFD59142520949C006E4F94 /* Conversations */ = {
			isa = PBXGroup;
			children = (
				FAFD58F62520935C006E4F94 /* ConversationsViewController.swift */,
			);
			path = Conversations;
			sourceTree = "<group>";
		};
/* End PBXGroup section */

/* Begin PBXNativeTarget section */
		FAFD58A025208D9B006E4F94 /* Project */ = {
			isa = PBXNativeTarget;
			buildConfigurationList = FAFD58CB25208D9D006E4F94 /* Build configuration list for PBXNativeTarget "Project" */;
			buildPhases = (
				5EAA7962E3443F04B1F518B3 /* [CP] Check Pods Manifest.lock */,
				FAFD589D25208D9B006E4F94 /* Sources */,
				FAFD589E25208D9B006E4F94 /* Frameworks */,
				FAFD589F25208D9B006E4F94 /* Resources */,
				84E5AC1EABE8E08D08BE0C01 /* [CP] Embed Pods Frameworks */,
			);
			buildRules = (
			);
			dependencies = (
			);
			name = Project;
			productName = Project;
			productReference = FAFD58A125208D9B006E4F94 /* Project.app */;
			productType = "com.apple.product-type.application";
		};
		FAFD58B625208D9C006E4F94 /* ProjectTests */ = {
			isa = PBXNativeTarget;
			buildConfigurationList = FAFD58CE25208D9D006E4F94 /* Build configuration list for PBXNativeTarget "ProjectTests" */;
			buildPhases = (
				B543874EF5230F6690D52B2B /* [CP] Check Pods Manifest.lock */,
				FAFD58B325208D9C006E4F94 /* Sources */,
				FAFD58B425208D9C006E4F94 /* Frameworks */,
				FAFD58B525208D9C006E4F94 /* Resources */,
			);
			buildRules = (
			);
			dependencies = (
				FAFD58B925208D9C006E4F94 /* PBXTargetDependency */,
			);
			name = ProjectTests;
			productName = ProjectTests;
			productReference = FAFD58B725208D9C006E4F94 /* ProjectTests.xctest */;
			productType = "com.apple.product-type.bundle.unit-test";
		};
		FAFD58C125208D9D006E4F94 /* ProjectUITests */ = {
			isa = PBXNativeTarget;
			buildConfigurationList = FAFD58D125208D9D006E4F94 /* Build configuration list for PBXNativeTarget "ProjectUITests" */;
			buildPhases = (
				26DCFB70A47926283BCD7572 /* [CP] Check Pods Manifest.lock */,
				FAFD58BE25208D9D006E4F94 /* Sources */,
				FAFD58BF25208D9D006E4F94 /* Frameworks */,
				FAFD58C025208D9D006E4F94 /* Resources */,
				89C785D11E4021F12CE48891 /* [CP] Embed Pods Frameworks */,
			);
			buildRules = (
			);
			dependencies = (
				FAFD58C425208D9D006E4F94 /* PBXTargetDependency */,
			);
			name = ProjectUITests;
			productName = ProjectUITests;
			productReference = FAFD58C225208D9D006E4F94 /* ProjectUITests.xctest */;
			productType = "com.apple.product-type.bundle.ui-testing";
		};
/* End PBXNativeTarget section */

/* Begin PBXProject section */
		FAFD589925208D9B006E4F94 /* Project object */ = {
			isa = PBXProject;
			attributes = {
				LastSwiftUpdateCheck = 1200;
				LastUpgradeCheck = 1200;
				TargetAttributes = {
					FAFD58A025208D9B006E4F94 = {
						CreatedOnToolsVersion = 12.0.1;
					};
					FAFD58B625208D9C006E4F94 = {
						CreatedOnToolsVersion = 12.0.1;
						TestTargetID = FAFD58A025208D9B006E4F94;
					};
					FAFD58C125208D9D006E4F94 = {
						CreatedOnToolsVersion = 12.0.1;
						TestTargetID = FAFD58A025208D9B006E4F94;
					};
				};
			};
			buildConfigurationList = FAFD589C25208D9B006E4F94 /* Build configuration list for PBXProject "Project" */;
			compatibilityVersion = "Xcode 9.3";
			developmentRegion = en;
			hasScannedForEncodings = 0;
			knownRegions = (
				en,
				Base,
			);
			mainGroup = FAFD589825208D9B006E4F94;
			productRefGroup = FAFD58A225208D9B006E4F94 /* Products */;
			projectDirPath = "";
			projectRoot = "";
			targets = (
				FAFD58A025208D9B006E4F94 /* Project */,
				FAFD58B625208D9C006E4F94 /* ProjectTests */,
				FAFD58C125208D9D006E4F94 /* ProjectUITests */,
			);
		};
/* End PBXProject section */

/* Begin PBXResourcesBuildPhase section */
		FAFD589F25208D9B006E4F94 /* Resources */ = {
			isa = PBXResourcesBuildPhase;
			buildActionMask = 2147483647;
			files = (
				FAFD58B125208D9C006E4F94 /* LaunchScreen.storyboard in Resources */,
				FAFD58AE25208D9C006E4F94 /* Assets.xcassets in Resources */,
				FA66C6072523AE2100C31151 /* GoogleService-Info.plist in Resources */,
			);
			runOnlyForDeploymentPostprocessing = 0;
		};
		FAFD58B525208D9C006E4F94 /* Resources */ = {
			isa = PBXResourcesBuildPhase;
			buildActionMask = 2147483647;
			files = (
			);
			runOnlyForDeploymentPostprocessing = 0;
		};
		FAFD58C025208D9D006E4F94 /* Resources */ = {
			isa = PBXResourcesBuildPhase;
			buildActionMask = 2147483647;
			files = (
			);
			runOnlyForDeploymentPostprocessing = 0;
		};
/* End PBXResourcesBuildPhase section */

/* Begin PBXShellScriptBuildPhase section */
		26DCFB70A47926283BCD7572 /* [CP] Check Pods Manifest.lock */ = {
			isa = PBXShellScriptBuildPhase;
			buildActionMask = 2147483647;
			files = (
			);
			inputFileListPaths = (
			);
			inputPaths = (
				"${PODS_PODFILE_DIR_PATH}/Podfile.lock",
				"${PODS_ROOT}/Manifest.lock",
			);
			name = "[CP] Check Pods Manifest.lock";
			outputFileListPaths = (
			);
			outputPaths = (
				"$(DERIVED_FILE_DIR)/Pods-Project-ProjectUITests-checkManifestLockResult.txt",
			);
			runOnlyForDeploymentPostprocessing = 0;
			shellPath = /bin/sh;
			shellScript = "diff \"${PODS_PODFILE_DIR_PATH}/Podfile.lock\" \"${PODS_ROOT}/Manifest.lock\" > /dev/null\nif [ $? != 0 ] ; then\n    # print error to STDERR\n    echo \"error: The sandbox is not in sync with the Podfile.lock. Run 'pod install' or update your CocoaPods installation.\" >&2\n    exit 1\nfi\n# This output is used by Xcode 'outputs' to avoid re-running this script phase.\necho \"SUCCESS\" > \"${SCRIPT_OUTPUT_FILE_0}\"\n";
			showEnvVarsInLog = 0;
		};
		5EAA7962E3443F04B1F518B3 /* [CP] Check Pods Manifest.lock */ = {
			isa = PBXShellScriptBuildPhase;
			buildActionMask = 2147483647;
			files = (
			);
			inputFileListPaths = (
			);
			inputPaths = (
				"${PODS_PODFILE_DIR_PATH}/Podfile.lock",
				"${PODS_ROOT}/Manifest.lock",
			);
			name = "[CP] Check Pods Manifest.lock";
			outputFileListPaths = (
			);
			outputPaths = (
				"$(DERIVED_FILE_DIR)/Pods-Project-checkManifestLockResult.txt",
			);
			runOnlyForDeploymentPostprocessing = 0;
			shellPath = /bin/sh;
			shellScript = "diff \"${PODS_PODFILE_DIR_PATH}/Podfile.lock\" \"${PODS_ROOT}/Manifest.lock\" > /dev/null\nif [ $? != 0 ] ; then\n    # print error to STDERR\n    echo \"error: The sandbox is not in sync with the Podfile.lock. Run 'pod install' or update your CocoaPods installation.\" >&2\n    exit 1\nfi\n# This output is used by Xcode 'outputs' to avoid re-running this script phase.\necho \"SUCCESS\" > \"${SCRIPT_OUTPUT_FILE_0}\"\n";
			showEnvVarsInLog = 0;
		};
		84E5AC1EABE8E08D08BE0C01 /* [CP] Embed Pods Frameworks */ = {
			isa = PBXShellScriptBuildPhase;
			buildActionMask = 2147483647;
			files = (
			);
			inputFileListPaths = (
				"${PODS_ROOT}/Target Support Files/Pods-Project/Pods-Project-frameworks-${CONFIGURATION}-input-files.xcfilelist",
			);
			name = "[CP] Embed Pods Frameworks";
			outputFileListPaths = (
				"${PODS_ROOT}/Target Support Files/Pods-Project/Pods-Project-frameworks-${CONFIGURATION}-output-files.xcfilelist",
			);
			runOnlyForDeploymentPostprocessing = 0;
			shellPath = /bin/sh;
			shellScript = "\"${PODS_ROOT}/Target Support Files/Pods-Project/Pods-Project-frameworks.sh\"\n";
			showEnvVarsInLog = 0;
		};
		89C785D11E4021F12CE48891 /* [CP] Embed Pods Frameworks */ = {
			isa = PBXShellScriptBuildPhase;
			buildActionMask = 2147483647;
			files = (
			);
			inputFileListPaths = (
				"${PODS_ROOT}/Target Support Files/Pods-Project-ProjectUITests/Pods-Project-ProjectUITests-frameworks-${CONFIGURATION}-input-files.xcfilelist",
			);
			name = "[CP] Embed Pods Frameworks";
			outputFileListPaths = (
				"${PODS_ROOT}/Target Support Files/Pods-Project-ProjectUITests/Pods-Project-ProjectUITests-frameworks-${CONFIGURATION}-output-files.xcfilelist",
			);
			runOnlyForDeploymentPostprocessing = 0;
			shellPath = /bin/sh;
			shellScript = "\"${PODS_ROOT}/Target Support Files/Pods-Project-ProjectUITests/Pods-Project-ProjectUITests-frameworks.sh\"\n";
			showEnvVarsInLog = 0;
		};
		B543874EF5230F6690D52B2B /* [CP] Check Pods Manifest.lock */ = {
			isa = PBXShellScriptBuildPhase;
			buildActionMask = 2147483647;
			files = (
			);
			inputFileListPaths = (
			);
			inputPaths = (
				"${PODS_PODFILE_DIR_PATH}/Podfile.lock",
				"${PODS_ROOT}/Manifest.lock",
			);
			name = "[CP] Check Pods Manifest.lock";
			outputFileListPaths = (
			);
			outputPaths = (
				"$(DERIVED_FILE_DIR)/Pods-ProjectTests-checkManifestLockResult.txt",
			);
			runOnlyForDeploymentPostprocessing = 0;
			shellPath = /bin/sh;
			shellScript = "diff \"${PODS_PODFILE_DIR_PATH}/Podfile.lock\" \"${PODS_ROOT}/Manifest.lock\" > /dev/null\nif [ $? != 0 ] ; then\n    # print error to STDERR\n    echo \"error: The sandbox is not in sync with the Podfile.lock. Run 'pod install' or update your CocoaPods installation.\" >&2\n    exit 1\nfi\n# This output is used by Xcode 'outputs' to avoid re-running this script phase.\necho \"SUCCESS\" > \"${SCRIPT_OUTPUT_FILE_0}\"\n";
			showEnvVarsInLog = 0;
		};
/* End PBXShellScriptBuildPhase section */

/* Begin PBXSourcesBuildPhase section */
		FAFD589D25208D9B006E4F94 /* Sources */ = {
			isa = PBXSourcesBuildPhase;
			buildActionMask = 2147483647;
			files = (
				FA0DC9F7252658C400377539 /* UserService.swift in Sources */,
				FAFD58A525208D9C006E4F94 /* AppDelegate.swift in Sources */,
				FAFD58A725208D9C006E4F94 /* SceneDelegate.swift in Sources */,
				FA66C5F6252393B400C31151 /* Utilities.swift in Sources */,
				FAFD58F72520935C006E4F94 /* ConversationsViewController.swift in Sources */,
				FAFD58ED25209338006E4F94 /* ExploreViewController.swift in Sources */,
				FA66C5DC2523827400C31151 /* LoginController.swift in Sources */,
				FAA3626C2524EE0500580FE2 /* AuthService.swift in Sources */,
				FA0DC9FC25265FED00377539 /* User.swift in Sources */,
				FAFD58F225209346006E4F94 /* NotificationsViewController.swift in Sources */,
				FAFD58E825209321006E4F94 /* FeedsViewController.swift in Sources */,
				FAFD58E325208F9C006E4F94 /* MainTabBarController.swift in Sources */,
				FA66C5E12523829C00C31151 /* RegistrationController.swift in Sources */,
				FAF417F92528C96E00FDDC97 /* BaseViewController.swift in Sources */,
				FAF417FF2528CA0600FDDC97 /* ViewControllerExtension.swift in Sources */,
				FA2495C02523218C0060BECD /* Extension.swift in Sources */,
				FAA362672524D84A00580FE2 /* Constants.swift in Sources */,
			);
			runOnlyForDeploymentPostprocessing = 0;
		};
		FAFD58B325208D9C006E4F94 /* Sources */ = {
			isa = PBXSourcesBuildPhase;
			buildActionMask = 2147483647;
			files = (
				FAFD58BC25208D9C006E4F94 /* ProjectTests.swift in Sources */,
			);
			runOnlyForDeploymentPostprocessing = 0;
		};
		FAFD58BE25208D9D006E4F94 /* Sources */ = {
			isa = PBXSourcesBuildPhase;
			buildActionMask = 2147483647;
			files = (
				FAFD58C725208D9D006E4F94 /* ProjectUITests.swift in Sources */,
			);
			runOnlyForDeploymentPostprocessing = 0;
		};
/* End PBXSourcesBuildPhase section */

/* Begin PBXTargetDependency section */
		FAFD58B925208D9C006E4F94 /* PBXTargetDependency */ = {
			isa = PBXTargetDependency;
			target = FAFD58A025208D9B006E4F94 /* Project */;
			targetProxy = FAFD58B825208D9C006E4F94 /* PBXContainerItemProxy */;
		};
		FAFD58C425208D9D006E4F94 /* PBXTargetDependency */ = {
			isa = PBXTargetDependency;
			target = FAFD58A025208D9B006E4F94 /* Project */;
			targetProxy = FAFD58C325208D9D006E4F94 /* PBXContainerItemProxy */;
		};
/* End PBXTargetDependency section */

/* Begin PBXVariantGroup section */
		FAFD58AF25208D9C006E4F94 /* LaunchScreen.storyboard */ = {
			isa = PBXVariantGroup;
			children = (
				FAFD58B025208D9C006E4F94 /* Base */,
			);
			name = LaunchScreen.storyboard;
			sourceTree = "<group>";
		};
/* End PBXVariantGroup section */

/* Begin XCBuildConfiguration section */
		FAFD58C925208D9D006E4F94 /* Debug */ = {
			isa = XCBuildConfiguration;
			buildSettings = {
				ALWAYS_SEARCH_USER_PATHS = NO;
				CLANG_ANALYZER_NONNULL = YES;
				CLANG_ANALYZER_NUMBER_OBJECT_CONVERSION = YES_AGGRESSIVE;
				CLANG_CXX_LANGUAGE_STANDARD = "gnu++14";
				CLANG_CXX_LIBRARY = "libc++";
				CLANG_ENABLE_MODULES = YES;
				CLANG_ENABLE_OBJC_ARC = YES;
				CLANG_ENABLE_OBJC_WEAK = YES;
				CLANG_WARN_BLOCK_CAPTURE_AUTORELEASING = YES;
				CLANG_WARN_BOOL_CONVERSION = YES;
				CLANG_WARN_COMMA = YES;
				CLANG_WARN_CONSTANT_CONVERSION = YES;
				CLANG_WARN_DEPRECATED_OBJC_IMPLEMENTATIONS = YES;
				CLANG_WARN_DIRECT_OBJC_ISA_USAGE = YES_ERROR;
				CLANG_WARN_DOCUMENTATION_COMMENTS = YES;
				CLANG_WARN_EMPTY_BODY = YES;
				CLANG_WARN_ENUM_CONVERSION = YES;
				CLANG_WARN_INFINITE_RECURSION = YES;
				CLANG_WARN_INT_CONVERSION = YES;
				CLANG_WARN_NON_LITERAL_NULL_CONVERSION = YES;
				CLANG_WARN_OBJC_IMPLICIT_RETAIN_SELF = YES;
				CLANG_WARN_OBJC_LITERAL_CONVERSION = YES;
				CLANG_WARN_OBJC_ROOT_CLASS = YES_ERROR;
				CLANG_WARN_QUOTED_INCLUDE_IN_FRAMEWORK_HEADER = YES;
				CLANG_WARN_RANGE_LOOP_ANALYSIS = YES;
				CLANG_WARN_STRICT_PROTOTYPES = YES;
				CLANG_WARN_SUSPICIOUS_MOVE = YES;
				CLANG_WARN_UNGUARDED_AVAILABILITY = YES_AGGRESSIVE;
				CLANG_WARN_UNREACHABLE_CODE = YES;
				CLANG_WARN__DUPLICATE_METHOD_MATCH = YES;
				COPY_PHASE_STRIP = NO;
				DEBUG_INFORMATION_FORMAT = dwarf;
				ENABLE_STRICT_OBJC_MSGSEND = YES;
				ENABLE_TESTABILITY = YES;
				GCC_C_LANGUAGE_STANDARD = gnu11;
				GCC_DYNAMIC_NO_PIC = NO;
				GCC_NO_COMMON_BLOCKS = YES;
				GCC_OPTIMIZATION_LEVEL = 0;
				GCC_PREPROCESSOR_DEFINITIONS = (
					"DEBUG=1",
					"$(inherited)",
				);
				GCC_WARN_64_TO_32_BIT_CONVERSION = YES;
				GCC_WARN_ABOUT_RETURN_TYPE = YES_ERROR;
				GCC_WARN_UNDECLARED_SELECTOR = YES;
				GCC_WARN_UNINITIALIZED_AUTOS = YES_AGGRESSIVE;
				GCC_WARN_UNUSED_FUNCTION = YES;
				GCC_WARN_UNUSED_VARIABLE = YES;
				IPHONEOS_DEPLOYMENT_TARGET = 14.0;
				MTL_ENABLE_DEBUG_INFO = INCLUDE_SOURCE;
				MTL_FAST_MATH = YES;
				ONLY_ACTIVE_ARCH = YES;
				SDKROOT = iphoneos;
				SWIFT_ACTIVE_COMPILATION_CONDITIONS = DEBUG;
				SWIFT_OPTIMIZATION_LEVEL = "-Onone";
			};
			name = Debug;
		};
		FAFD58CA25208D9D006E4F94 /* Release */ = {
			isa = XCBuildConfiguration;
			buildSettings = {
				ALWAYS_SEARCH_USER_PATHS = NO;
				CLANG_ANALYZER_NONNULL = YES;
				CLANG_ANALYZER_NUMBER_OBJECT_CONVERSION = YES_AGGRESSIVE;
				CLANG_CXX_LANGUAGE_STANDARD = "gnu++14";
				CLANG_CXX_LIBRARY = "libc++";
				CLANG_ENABLE_MODULES = YES;
				CLANG_ENABLE_OBJC_ARC = YES;
				CLANG_ENABLE_OBJC_WEAK = YES;
				CLANG_WARN_BLOCK_CAPTURE_AUTORELEASING = YES;
				CLANG_WARN_BOOL_CONVERSION = YES;
				CLANG_WARN_COMMA = YES;
				CLANG_WARN_CONSTANT_CONVERSION = YES;
				CLANG_WARN_DEPRECATED_OBJC_IMPLEMENTATIONS = YES;
				CLANG_WARN_DIRECT_OBJC_ISA_USAGE = YES_ERROR;
				CLANG_WARN_DOCUMENTATION_COMMENTS = YES;
				CLANG_WARN_EMPTY_BODY = YES;
				CLANG_WARN_ENUM_CONVERSION = YES;
				CLANG_WARN_INFINITE_RECURSION = YES;
				CLANG_WARN_INT_CONVERSION = YES;
				CLANG_WARN_NON_LITERAL_NULL_CONVERSION = YES;
				CLANG_WARN_OBJC_IMPLICIT_RETAIN_SELF = YES;
				CLANG_WARN_OBJC_LITERAL_CONVERSION = YES;
				CLANG_WARN_OBJC_ROOT_CLASS = YES_ERROR;
				CLANG_WARN_QUOTED_INCLUDE_IN_FRAMEWORK_HEADER = YES;
				CLANG_WARN_RANGE_LOOP_ANALYSIS = YES;
				CLANG_WARN_STRICT_PROTOTYPES = YES;
				CLANG_WARN_SUSPICIOUS_MOVE = YES;
				CLANG_WARN_UNGUARDED_AVAILABILITY = YES_AGGRESSIVE;
				CLANG_WARN_UNREACHABLE_CODE = YES;
				CLANG_WARN__DUPLICATE_METHOD_MATCH = YES;
				COPY_PHASE_STRIP = NO;
				DEBUG_INFORMATION_FORMAT = "dwarf-with-dsym";
				ENABLE_NS_ASSERTIONS = NO;
				ENABLE_STRICT_OBJC_MSGSEND = YES;
				GCC_C_LANGUAGE_STANDARD = gnu11;
				GCC_NO_COMMON_BLOCKS = YES;
				GCC_WARN_64_TO_32_BIT_CONVERSION = YES;
				GCC_WARN_ABOUT_RETURN_TYPE = YES_ERROR;
				GCC_WARN_UNDECLARED_SELECTOR = YES;
				GCC_WARN_UNINITIALIZED_AUTOS = YES_AGGRESSIVE;
				GCC_WARN_UNUSED_FUNCTION = YES;
				GCC_WARN_UNUSED_VARIABLE = YES;
				IPHONEOS_DEPLOYMENT_TARGET = 14.0;
				MTL_ENABLE_DEBUG_INFO = NO;
				MTL_FAST_MATH = YES;
				SDKROOT = iphoneos;
				SWIFT_COMPILATION_MODE = wholemodule;
				SWIFT_OPTIMIZATION_LEVEL = "-O";
				VALIDATE_PRODUCT = YES;
			};
			name = Release;
		};
		FAFD58CC25208D9D006E4F94 /* Debug */ = {
			isa = XCBuildConfiguration;
			baseConfigurationReference = 22708268814D7642E590F26D /* Pods-Project.debug.xcconfig */;
			buildSettings = {
				ASSETCATALOG_COMPILER_APPICON_NAME = AppIcon;
				ASSETCATALOG_COMPILER_GLOBAL_ACCENT_COLOR_NAME = AccentColor;
				CODE_SIGN_STYLE = Automatic;
				DEVELOPMENT_TEAM = YJ3E54RM75;
				INFOPLIST_FILE = Project/Info.plist;
				LD_RUNPATH_SEARCH_PATHS = (
					"$(inherited)",
					"@executable_path/Frameworks",
				);
				PRODUCT_BUNDLE_IDENTIFIER = "Be-More.Project";
				PRODUCT_NAME = "$(TARGET_NAME)";
				SWIFT_VERSION = 5.0;
				TARGETED_DEVICE_FAMILY = "1,2";
			};
			name = Debug;
		};
		FAFD58CD25208D9D006E4F94 /* Release */ = {
			isa = XCBuildConfiguration;
			baseConfigurationReference = 6AE6325A00A2FBCBA534BB92 /* Pods-Project.release.xcconfig */;
			buildSettings = {
				ASSETCATALOG_COMPILER_APPICON_NAME = AppIcon;
				ASSETCATALOG_COMPILER_GLOBAL_ACCENT_COLOR_NAME = AccentColor;
				CODE_SIGN_STYLE = Automatic;
				DEVELOPMENT_TEAM = YJ3E54RM75;
				INFOPLIST_FILE = Project/Info.plist;
				LD_RUNPATH_SEARCH_PATHS = (
					"$(inherited)",
					"@executable_path/Frameworks",
				);
				PRODUCT_BUNDLE_IDENTIFIER = "Be-More.Project";
				PRODUCT_NAME = "$(TARGET_NAME)";
				SWIFT_VERSION = 5.0;
				TARGETED_DEVICE_FAMILY = "1,2";
			};
			name = Release;
		};
		FAFD58CF25208D9D006E4F94 /* Debug */ = {
			isa = XCBuildConfiguration;
			baseConfigurationReference = 6736330ED8F03D3579352F26 /* Pods-ProjectTests.debug.xcconfig */;
			buildSettings = {
				ALWAYS_EMBED_SWIFT_STANDARD_LIBRARIES = YES;
				BUNDLE_LOADER = "$(TEST_HOST)";
				CODE_SIGN_STYLE = Automatic;
				DEVELOPMENT_TEAM = YJ3E54RM75;
				INFOPLIST_FILE = ProjectTests/Info.plist;
				IPHONEOS_DEPLOYMENT_TARGET = 14.0;
				LD_RUNPATH_SEARCH_PATHS = (
					"$(inherited)",
					"@executable_path/Frameworks",
					"@loader_path/Frameworks",
				);
				PRODUCT_BUNDLE_IDENTIFIER = "Be-More.ProjectTests";
				PRODUCT_NAME = "$(TARGET_NAME)";
				SWIFT_VERSION = 5.0;
				TARGETED_DEVICE_FAMILY = "1,2";
				TEST_HOST = "$(BUILT_PRODUCTS_DIR)/Project.app/Project";
			};
			name = Debug;
		};
		FAFD58D025208D9D006E4F94 /* Release */ = {
			isa = XCBuildConfiguration;
			baseConfigurationReference = 7DA1743D1DE8ECF7CAC87E60 /* Pods-ProjectTests.release.xcconfig */;
			buildSettings = {
				ALWAYS_EMBED_SWIFT_STANDARD_LIBRARIES = YES;
				BUNDLE_LOADER = "$(TEST_HOST)";
				CODE_SIGN_STYLE = Automatic;
				DEVELOPMENT_TEAM = YJ3E54RM75;
				INFOPLIST_FILE = ProjectTests/Info.plist;
				IPHONEOS_DEPLOYMENT_TARGET = 14.0;
				LD_RUNPATH_SEARCH_PATHS = (
					"$(inherited)",
					"@executable_path/Frameworks",
					"@loader_path/Frameworks",
				);
				PRODUCT_BUNDLE_IDENTIFIER = "Be-More.ProjectTests";
				PRODUCT_NAME = "$(TARGET_NAME)";
				SWIFT_VERSION = 5.0;
				TARGETED_DEVICE_FAMILY = "1,2";
				TEST_HOST = "$(BUILT_PRODUCTS_DIR)/Project.app/Project";
			};
			name = Release;
		};
		FAFD58D225208D9D006E4F94 /* Debug */ = {
			isa = XCBuildConfiguration;
			baseConfigurationReference = 4A665F7EE67AC311EEFFA0AB /* Pods-Project-ProjectUITests.debug.xcconfig */;
			buildSettings = {
				ALWAYS_EMBED_SWIFT_STANDARD_LIBRARIES = YES;
				CODE_SIGN_STYLE = Automatic;
				DEVELOPMENT_TEAM = YJ3E54RM75;
				INFOPLIST_FILE = ProjectUITests/Info.plist;
				LD_RUNPATH_SEARCH_PATHS = (
					"$(inherited)",
					"@executable_path/Frameworks",
					"@loader_path/Frameworks",
				);
				PRODUCT_BUNDLE_IDENTIFIER = "Be-More.ProjectUITests";
				PRODUCT_NAME = "$(TARGET_NAME)";
				SWIFT_VERSION = 5.0;
				TARGETED_DEVICE_FAMILY = "1,2";
				TEST_TARGET_NAME = Project;
			};
			name = Debug;
		};
		FAFD58D325208D9D006E4F94 /* Release */ = {
			isa = XCBuildConfiguration;
			baseConfigurationReference = A8D4BBDFE92E37D8848B22A0 /* Pods-Project-ProjectUITests.release.xcconfig */;
			buildSettings = {
				ALWAYS_EMBED_SWIFT_STANDARD_LIBRARIES = YES;
				CODE_SIGN_STYLE = Automatic;
				DEVELOPMENT_TEAM = YJ3E54RM75;
				INFOPLIST_FILE = ProjectUITests/Info.plist;
				LD_RUNPATH_SEARCH_PATHS = (
					"$(inherited)",
					"@executable_path/Frameworks",
					"@loader_path/Frameworks",
				);
				PRODUCT_BUNDLE_IDENTIFIER = "Be-More.ProjectUITests";
				PRODUCT_NAME = "$(TARGET_NAME)";
				SWIFT_VERSION = 5.0;
				TARGETED_DEVICE_FAMILY = "1,2";
				TEST_TARGET_NAME = Project;
			};
			name = Release;
		};
/* End XCBuildConfiguration section */

/* Begin XCConfigurationList section */
		FAFD589C25208D9B006E4F94 /* Build configuration list for PBXProject "Project" */ = {
			isa = XCConfigurationList;
			buildConfigurations = (
				FAFD58C925208D9D006E4F94 /* Debug */,
				FAFD58CA25208D9D006E4F94 /* Release */,
			);
			defaultConfigurationIsVisible = 0;
			defaultConfigurationName = Release;
		};
		FAFD58CB25208D9D006E4F94 /* Build configuration list for PBXNativeTarget "Project" */ = {
			isa = XCConfigurationList;
			buildConfigurations = (
				FAFD58CC25208D9D006E4F94 /* Debug */,
				FAFD58CD25208D9D006E4F94 /* Release */,
			);
			defaultConfigurationIsVisible = 0;
			defaultConfigurationName = Release;
		};
		FAFD58CE25208D9D006E4F94 /* Build configuration list for PBXNativeTarget "ProjectTests" */ = {
			isa = XCConfigurationList;
			buildConfigurations = (
				FAFD58CF25208D9D006E4F94 /* Debug */,
				FAFD58D025208D9D006E4F94 /* Release */,
			);
			defaultConfigurationIsVisible = 0;
			defaultConfigurationName = Release;
		};
		FAFD58D125208D9D006E4F94 /* Build configuration list for PBXNativeTarget "ProjectUITests" */ = {
			isa = XCConfigurationList;
			buildConfigurations = (
				FAFD58D225208D9D006E4F94 /* Debug */,
				FAFD58D325208D9D006E4F94 /* Release */,
			);
			defaultConfigurationIsVisible = 0;
			defaultConfigurationName = Release;
		};
/* End XCConfigurationList section */
	};
	rootObject = FAFD589925208D9B006E4F94 /* Project object */;
}
